
Microsoft Visual Studio Solution File, Format Version 12.00
# Visual Studio Version 17
VisualStudioVersion = 17.14.36811.4
MinimumVisualStudioVersion = 10.0.40219.1
Project("{FAE04EC0-301F-11D3-BF4B-00C04F79EFBC}") = "MercadoFacil.Api", "MercadoFacil.Api\MercadoFacil.Api.csproj", "{D586C7AC-1F2F-4DFC-AC25-EBC0380A754F}"
EndProject
Project("{54A90642-561A-4BB1-A94E-469ADEE60C69}") = "mercadofacil.frontend", "MercadoFacil.frontend\mercadofacil.frontend.esproj", "{13C825EE-F953-1AE5-F98E-723EEAD374EF}"
EndProject
Global
	GlobalSection(SolutionConfigurationPlatforms) = preSolution
		Debug|Any CPU = Debug|Any CPU
		Release|Any CPU = Release|Any CPU
	EndGlobalSection
	GlobalSection(ProjectConfigurationPlatforms) = postSolution
		{D586C7AC-1F2F-4DFC-AC25-EBC0380A754F}.Debug|Any CPU.ActiveCfg = Debug|Any CPU
		{D586C7AC-1F2F-4DFC-AC25-EBC0380A754F}.Debug|Any CPU.Build.0 = Debug|Any CPU
		{D586C7AC-1F2F-4DFC-AC25-EBC0380A754F}.Release|Any CPU.ActiveCfg = Release|Any CPU
		{D586C7AC-1F2F-4DFC-AC25-EBC0380A754F}.Release|Any CPU.Build.0 = Release|Any CPU
		{13C825EE-F953-1AE5-F98E-723EEAD374EF}.Debug|Any CPU.ActiveCfg = Debug|Any CPU
		{13C825EE-F953-1AE5-F98E-723EEAD374EF}.Debug|Any CPU.Build.0 = Debug|Any CPU
		{13C825EE-F953-1AE5-F98E-723EEAD374EF}.Debug|Any CPU.Deploy.0 = Debug|Any CPU
		{13C825EE-F953-1AE5-F98E-723EEAD374EF}.Release|Any CPU.ActiveCfg = Release|Any CPU
		{13C825EE-F953-1AE5-F98E-723EEAD374EF}.Release|Any CPU.Build.0 = Release|Any CPU
		{13C825EE-F953-1AE5-F98E-723EEAD374EF}.Release|Any CPU.Deploy.0 = Release|Any CPU
	EndGlobalSection
	GlobalSection(SolutionProperties) = preSolution
		HideSolutionNode = FALSE
	EndGlobalSection
	GlobalSection(ExtensibilityGlobals) = postSolution
		SolutionGuid = {4CA49816-2CDB-4320-98E3-D9F8010AEEBB}
	EndGlobalSection
EndGlobal
